
Microsoft Visual Studio Solution File, Format Version 12.00
# Visual Studio Version 17
VisualStudioVersion = 17.9.34728.123
MinimumVisualStudioVersion = 10.0.40219.1
Project("{9A19103F-16F7-4668-BE54-9A1E7A4F7556}") = "CMSGTechnical", "CMSGTechnical\CMSGTechnical.csproj", "{C31A2341-4B1C-4F01-8F43-0C4D364D6C97}"
EndProject
Project("{9A19103F-16F7-4668-BE54-9A1E7A4F7556}") = "CMSGTechnical.Repository", "CMSGTechnical.Repository\CMSGTechnical.Repository.csproj", "{369D4786-5EE9-4E30-BC40-D5054B3471F3}"
EndProject
Project("{9A19103F-16F7-4668-BE54-9A1E7A4F7556}") = "CMSGTechnical.Mediator", "CMSGTechnical.Mediator\CMSGTechnical.Mediator.csproj", "{9EC6C8DF-F91A-43F5-8577-31A443D942B0}"
EndProject
Project("{9A19103F-16F7-4668-BE54-9A1E7A4F7556}") = "CMSGTechnical.Domain", "CMSGTechnical.Domain\CMSGTechnical.Domain.csproj", "{71A9DBFD-3EF7-4920-8B14-3F5BEA64466E}"
EndProject
Project("{FAE04EC0-301F-11D3-BF4B-00C04F79EFBC}") = "CMSGTechnical.Mediator.Tests", "CMSGTechnical.Mediator.Tests\CMSGTechnical.Mediator.Tests.csproj", "{3CEAD528-9533-4DBE-8D6E-2C8CE797FC57}"
EndProject
Global
	GlobalSection(SolutionConfigurationPlatforms) = preSolution
		Debug|Any CPU = Debug|Any CPU
		Release|Any CPU = Release|Any CPU
	EndGlobalSection
	GlobalSection(ProjectConfigurationPlatforms) = postSolution
		{C31A2341-4B1C-4F01-8F43-0C4D364D6C97}.Debug|Any CPU.ActiveCfg = Debug|Any CPU
		{C31A2341-4B1C-4F01-8F43-0C4D364D6C97}.Debug|Any CPU.Build.0 = Debug|Any CPU
		{C31A2341-4B1C-4F01-8F43-0C4D364D6C97}.Release|Any CPU.ActiveCfg = Release|Any CPU
		{C31A2341-4B1C-4F01-8F43-0C4D364D6C97}.Release|Any CPU.Build.0 = Release|Any CPU
		{369D4786-5EE9-4E30-BC40-D5054B3471F3}.Debug|Any CPU.ActiveCfg = Debug|Any CPU
		{369D4786-5EE9-4E30-BC40-D5054B3471F3}.Debug|Any CPU.Build.0 = Debug|Any CPU
		{369D4786-5EE9-4E30-BC40-D5054B3471F3}.Release|Any CPU.ActiveCfg = Release|Any CPU
		{369D4786-5EE9-4E30-BC40-D5054B3471F3}.Release|Any CPU.Build.0 = Release|Any CPU
		{9EC6C8DF-F91A-43F5-8577-31A443D942B0}.Debug|Any CPU.ActiveCfg = Debug|Any CPU
		{9EC6C8DF-F91A-43F5-8577-31A443D942B0}.Debug|Any CPU.Build.0 = Debug|Any CPU
		{9EC6C8DF-F91A-43F5-8577-31A443D942B0}.Release|Any CPU.ActiveCfg = Release|Any CPU
		{9EC6C8DF-F91A-43F5-8577-31A443D942B0}.Release|Any CPU.Build.0 = Release|Any CPU
		{71A9DBFD-3EF7-4920-8B14-3F5BEA64466E}.Debug|Any CPU.ActiveCfg = Debug|Any CPU
		{71A9DBFD-3EF7-4920-8B14-3F5BEA64466E}.Debug|Any CPU.Build.0 = Debug|Any CPU
		{71A9DBFD-3EF7-4920-8B14-3F5BEA64466E}.Release|Any CPU.ActiveCfg = Release|Any CPU
		{71A9DBFD-3EF7-4920-8B14-3F5BEA64466E}.Release|Any CPU.Build.0 = Release|Any CPU
		{3CEAD528-9533-4DBE-8D6E-2C8CE797FC57}.Debug|Any CPU.ActiveCfg = Debug|Any CPU
		{3CEAD528-9533-4DBE-8D6E-2C8CE797FC57}.Debug|Any CPU.Build.0 = Debug|Any CPU
		{3CEAD528-9533-4DBE-8D6E-2C8CE797FC57}.Release|Any CPU.ActiveCfg = Release|Any CPU
		{3CEAD528-9533-4DBE-8D6E-2C8CE797FC57}.Release|Any CPU.Build.0 = Release|Any CPU
	EndGlobalSection
	GlobalSection(SolutionProperties) = preSolution
		HideSolutionNode = FALSE
	EndGlobalSection
	GlobalSection(ExtensibilityGlobals) = postSolution
		SolutionGuid = {EEE79923-7EB1-4818-A505-B9FDDBC7B2FA}
	EndGlobalSection
EndGlobal
